
Microsoft Visual Studio Solution File, Format Version 12.00
Project("{FAE04EC0-301F-11D3-BF4B-00C04F79EFBC}") = "Kindergarten_BE.Api", "Kindergarten_BE.Api\Kindergarten_BE.Api.csproj", "{7B5AE0F3-0221-4CF7-9A10-FBCBB71A1A48}"
EndProject
Global
	GlobalSection(SolutionConfigurationPlatforms) = preSolution
		Debug|Any CPU = Debug|Any CPU
		Release|Any CPU = Release|Any CPU
	EndGlobalSection
	GlobalSection(ProjectConfigurationPlatforms) = postSolution
		{7B5AE0F3-0221-4CF7-9A10-FBCBB71A1A48}.Debug|Any CPU.ActiveCfg = Debug|Any CPU
		{7B5AE0F3-0221-4CF7-9A10-FBCBB71A1A48}.Debug|Any CPU.Build.0 = Debug|Any CPU
		{7B5AE0F3-0221-4CF7-9A10-FBCBB71A1A48}.Release|Any CPU.ActiveCfg = Release|Any CPU
		{7B5AE0F3-0221-4CF7-9A10-FBCBB71A1A48}.Release|Any CPU.Build.0 = Release|Any CPU
	EndGlobalSection
EndGlobal
